// !$*UTF8*$!
{
	archiveVersion = 1;
	classes = {
	};
	objectVersion = 56;
	objects = {

/* Begin PBXBuildFile section */
		BD45B1F629F1B95F002286C4 /* OTUS_HW04_APIApp.swift in Sources */ = {isa = PBXBuildFile; fileRef = BD45B1F529F1B95F002286C4 /* OTUS_HW04_APIApp.swift */; };
		BD45B1F829F1B95F002286C4 /* ContentView.swift in Sources */ = {isa = PBXBuildFile; fileRef = BD45B1F729F1B95F002286C4 /* ContentView.swift */; };
		BD45B1FA29F1B961002286C4 /* Assets.xcassets in Resources */ = {isa = PBXBuildFile; fileRef = BD45B1F929F1B961002286C4 /* Assets.xcassets */; };
		BD45B1FD29F1B961002286C4 /* Preview Assets.xcassets in Resources */ = {isa = PBXBuildFile; fileRef = BD45B1FC29F1B961002286C4 /* Preview Assets.xcassets */; };
		BD45B20B29F1C02D002286C4 /* AboutScreen.swift in Sources */ = {isa = PBXBuildFile; fileRef = BD45B20A29F1C02D002286C4 /* AboutScreen.swift */; };
		BD45B20D29F1C067002286C4 /* LicensesScreen.swift in Sources */ = {isa = PBXBuildFile; fileRef = BD45B20C29F1C067002286C4 /* LicensesScreen.swift */; };
		BD45B21029F1C131002286C4 /* NewsListScreen.swift in Sources */ = {isa = PBXBuildFile; fileRef = BD45B20F29F1C131002286C4 /* NewsListScreen.swift */; };
		BD45B21229F1C198002286C4 /* NewsAPIViewModel.swift in Sources */ = {isa = PBXBuildFile; fileRef = BD45B21129F1C198002286C4 /* NewsAPIViewModel.swift */; };
		BD45B21829F1C397002286C4 /* NewsAPI in Frameworks */ = {isa = PBXBuildFile; productRef = BD45B21729F1C397002286C4 /* NewsAPI */; };
		BD45B21A29F1C40E002286C4 /* ArticleCellView.swift in Sources */ = {isa = PBXBuildFile; fileRef = BD45B21929F1C40E002286C4 /* ArticleCellView.swift */; };
		BD45B21D29F1C4E3002286C4 /* Collection.swift in Sources */ = {isa = PBXBuildFile; fileRef = BD45B21C29F1C4E3002286C4 /* Collection.swift */; };
		BD45B21F29F1C527002286C4 /* Article+Identifiable.swift in Sources */ = {isa = PBXBuildFile; fileRef = BD45B21E29F1C527002286C4 /* Article+Identifiable.swift */; };
		BD45B22129F1C642002286C4 /* ArticleDetailView.swift in Sources */ = {isa = PBXBuildFile; fileRef = BD45B22029F1C642002286C4 /* ArticleDetailView.swift */; };
		BD45B22329F1C698002286C4 /* NavigationController.swift in Sources */ = {isa = PBXBuildFile; fileRef = BD45B22229F1C698002286C4 /* NavigationController.swift */; };
		BD45B22529F1C6DB002286C4 /* ArticleMetaData.swift in Sources */ = {isa = PBXBuildFile; fileRef = BD45B22429F1C6DB002286C4 /* ArticleMetaData.swift */; };
		BD45B22729F1C752002286C4 /* Router.swift in Sources */ = {isa = PBXBuildFile; fileRef = BD45B22629F1C752002286C4 /* Router.swift */; };
		BD45B22B29F1C800002286C4 /* MetaWeatherViewModel.swift in Sources */ = {isa = PBXBuildFile; fileRef = BD45B22A29F1C800002286C4 /* MetaWeatherViewModel.swift */; };
/* End PBXBuildFile section */

/* Begin PBXFileReference section */
		BD45B1F229F1B95F002286C4 /* OTUS HW04 API.app */ = {isa = PBXFileReference; explicitFileType = wrapper.application; includeInIndex = 0; path = "OTUS HW04 API.app"; sourceTree = BUILT_PRODUCTS_DIR; };
		BD45B1F529F1B95F002286C4 /* OTUS_HW04_APIApp.swift */ = {isa = PBXFileReference; lastKnownFileType = sourcecode.swift; path = OTUS_HW04_APIApp.swift; sourceTree = "<group>"; };
		BD45B1F729F1B95F002286C4 /* ContentView.swift */ = {isa = PBXFileReference; lastKnownFileType = sourcecode.swift; path = ContentView.swift; sourceTree = "<group>"; };
		BD45B1F929F1B961002286C4 /* Assets.xcassets */ = {isa = PBXFileReference; lastKnownFileType = folder.assetcatalog; path = Assets.xcassets; sourceTree = "<group>"; };
		BD45B1FC29F1B961002286C4 /* Preview Assets.xcassets */ = {isa = PBXFileReference; lastKnownFileType = folder.assetcatalog; path = "Preview Assets.xcassets"; sourceTree = "<group>"; };
		BD45B20A29F1C02D002286C4 /* AboutScreen.swift */ = {isa = PBXFileReference; lastKnownFileType = sourcecode.swift; path = AboutScreen.swift; sourceTree = "<group>"; };
		BD45B20C29F1C067002286C4 /* LicensesScreen.swift */ = {isa = PBXFileReference; lastKnownFileType = sourcecode.swift; path = LicensesScreen.swift; sourceTree = "<group>"; };
		BD45B20F29F1C131002286C4 /* NewsListScreen.swift */ = {isa = PBXFileReference; lastKnownFileType = sourcecode.swift; path = NewsListScreen.swift; sourceTree = "<group>"; };
		BD45B21129F1C198002286C4 /* NewsAPIViewModel.swift */ = {isa = PBXFileReference; lastKnownFileType = sourcecode.swift; path = NewsAPIViewModel.swift; sourceTree = "<group>"; };
		BD45B21629F1C375002286C4 /* Networking */ = {isa = PBXFileReference; lastKnownFileType = wrapper; path = Networking; sourceTree = "<group>"; };
		BD45B21929F1C40E002286C4 /* ArticleCellView.swift */ = {isa = PBXFileReference; lastKnownFileType = sourcecode.swift; path = ArticleCellView.swift; sourceTree = "<group>"; };
		BD45B21C29F1C4E3002286C4 /* Collection.swift */ = {isa = PBXFileReference; lastKnownFileType = sourcecode.swift; path = Collection.swift; sourceTree = "<group>"; };
		BD45B21E29F1C527002286C4 /* Article+Identifiable.swift */ = {isa = PBXFileReference; lastKnownFileType = sourcecode.swift; path = "Article+Identifiable.swift"; sourceTree = "<group>"; };
		BD45B22029F1C642002286C4 /* ArticleDetailView.swift */ = {isa = PBXFileReference; lastKnownFileType = sourcecode.swift; path = ArticleDetailView.swift; sourceTree = "<group>"; };
		BD45B22229F1C698002286C4 /* NavigationController.swift */ = {isa = PBXFileReference; lastKnownFileType = sourcecode.swift; path = NavigationController.swift; sourceTree = "<group>"; };
		BD45B22429F1C6DB002286C4 /* ArticleMetaData.swift */ = {isa = PBXFileReference; lastKnownFileType = sourcecode.swift; path = ArticleMetaData.swift; sourceTree = "<group>"; };
		BD45B22629F1C752002286C4 /* Router.swift */ = {isa = PBXFileReference; lastKnownFileType = sourcecode.swift; path = Router.swift; sourceTree = "<group>"; };
		BD45B22A29F1C800002286C4 /* MetaWeatherViewModel.swift */ = {isa = PBXFileReference; lastKnownFileType = sourcecode.swift; path = MetaWeatherViewModel.swift; sourceTree = "<group>"; };
/* End PBXFileReference section */

/* Begin PBXFrameworksBuildPhase section */
		BD45B1EF29F1B95F002286C4 /* Frameworks */ = {
			isa = PBXFrameworksBuildPhase;
			buildActionMask = 2147483647;
			files = (
				BD45B21829F1C397002286C4 /* NewsAPI in Frameworks */,
			);
			runOnlyForDeploymentPostprocessing = 0;
		};
/* End PBXFrameworksBuildPhase section */

/* Begin PBXGroup section */
		BD45B1E929F1B95F002286C4 = {
			isa = PBXGroup;
			children = (
				BD45B21629F1C375002286C4 /* Networking */,
				BD45B1F429F1B95F002286C4 /* OTUS HW04 API */,
				BD45B1F329F1B95F002286C4 /* Products */,
				BD45B20729F1BF5E002286C4 /* Frameworks */,
			);
			sourceTree = "<group>";
		};
		BD45B1F329F1B95F002286C4 /* Products */ = {
			isa = PBXGroup;
			children = (
				BD45B1F229F1B95F002286C4 /* OTUS HW04 API.app */,
			);
			name = Products;
			sourceTree = "<group>";
		};
		BD45B1F429F1B95F002286C4 /* OTUS HW04 API */ = {
			isa = PBXGroup;
			children = (
				BD45B23A29F1C96A002286C4 /* Screens */,
				BD45B23929F1C938002286C4 /* ViewModels */,
				BD45B21B29F1C4BA002286C4 /* Extensions */,
				BD45B20E29F1C112002286C4 /* News */,
				BD45B1F529F1B95F002286C4 /* OTUS_HW04_APIApp.swift */,
				BD45B1F729F1B95F002286C4 /* ContentView.swift */,
				BD45B1F929F1B961002286C4 /* Assets.xcassets */,
				BD45B1FB29F1B961002286C4 /* Preview Content */,
				BD45B22229F1C698002286C4 /* NavigationController.swift */,
				BD45B22629F1C752002286C4 /* Router.swift */,
			);
			path = "OTUS HW04 API";
			sourceTree = "<group>";
		};
		BD45B1FB29F1B961002286C4 /* Preview Content */ = {
			isa = PBXGroup;
			children = (
				BD45B1FC29F1B961002286C4 /* Preview Assets.xcassets */,
			);
			path = "Preview Content";
			sourceTree = "<group>";
		};
		BD45B20729F1BF5E002286C4 /* Frameworks */ = {
			isa = PBXGroup;
			children = (
			);
			name = Frameworks;
			sourceTree = "<group>";
		};
		BD45B20E29F1C112002286C4 /* News */ = {
			isa = PBXGroup;
			children = (
				BD45B21929F1C40E002286C4 /* ArticleCellView.swift */,
				BD45B22029F1C642002286C4 /* ArticleDetailView.swift */,
				BD45B22429F1C6DB002286C4 /* ArticleMetaData.swift */,
				BD45B20F29F1C131002286C4 /* NewsListScreen.swift */,
			);
			path = News;
			sourceTree = "<group>";
		};
		BD45B21B29F1C4BA002286C4 /* Extensions */ = {
			isa = PBXGroup;
			children = (
				BD45B21C29F1C4E3002286C4 /* Collection.swift */,
				BD45B21E29F1C527002286C4 /* Article+Identifiable.swift */,
			);
			path = Extensions;
			sourceTree = "<group>";
		};
		BD45B23929F1C938002286C4 /* ViewModels */ = {
			isa = PBXGroup;
			children = (
				BD45B21129F1C198002286C4 /* NewsAPIViewModel.swift */,
				BD45B22A29F1C800002286C4 /* MetaWeatherViewModel.swift */,
			);
			path = ViewModels;
			sourceTree = "<group>";
		};
		BD45B23A29F1C96A002286C4 /* Screens */ = {
			isa = PBXGroup;
			children = (
				BD45B20A29F1C02D002286C4 /* AboutScreen.swift */,
				BD45B20C29F1C067002286C4 /* LicensesScreen.swift */,
			);
			path = Screens;
			sourceTree = "<group>";
		};
/* End PBXGroup section */

/* Begin PBXNativeTarget section */
		BD45B1F129F1B95F002286C4 /* OTUS HW04 API */ = {
			isa = PBXNativeTarget;
			buildConfigurationList = BD45B20029F1B961002286C4 /* Build configuration list for PBXNativeTarget "OTUS HW04 API" */;
			buildPhases = (
				BD45B1EE29F1B95F002286C4 /* Sources */,
				BD45B1EF29F1B95F002286C4 /* Frameworks */,
				BD45B1F029F1B95F002286C4 /* Resources */,
			);
			buildRules = (
			);
			dependencies = (
			);
			name = "OTUS HW04 API";
			packageProductDependencies = (
				BD45B21729F1C397002286C4 /* NewsAPI */,
			);
			productName = "OTUS HW04 API";
			productReference = BD45B1F229F1B95F002286C4 /* OTUS HW04 API.app */;
			productType = "com.apple.product-type.application";
		};
/* End PBXNativeTarget section */

/* Begin PBXProject section */
		BD45B1EA29F1B95F002286C4 /* Project object */ = {
			isa = PBXProject;
			attributes = {
				BuildIndependentTargetsInParallel = 1;
				LastSwiftUpdateCheck = 1400;
				LastUpgradeCheck = 1400;
				TargetAttributes = {
					BD45B1F129F1B95F002286C4 = {
						CreatedOnToolsVersion = 14.0.1;
					};
				};
			};
			buildConfigurationList = BD45B1ED29F1B95F002286C4 /* Build configuration list for PBXProject "OTUS HW04 API" */;
			compatibilityVersion = "Xcode 14.0";
			developmentRegion = en;
			hasScannedForEncodings = 0;
			knownRegions = (
				en,
				Base,
			);
			mainGroup = BD45B1E929F1B95F002286C4;
			productRefGroup = BD45B1F329F1B95F002286C4 /* Products */;
			projectDirPath = "";
			projectRoot = "";
			targets = (
				BD45B1F129F1B95F002286C4 /* OTUS HW04 API */,
			);
		};
/* End PBXProject section */

/* Begin PBXResourcesBuildPhase section */
		BD45B1F029F1B95F002286C4 /* Resources */ = {
			isa = PBXResourcesBuildPhase;
			buildActionMask = 2147483647;
			files = (
				BD45B1FD29F1B961002286C4 /* Preview Assets.xcassets in Resources */,
				BD45B1FA29F1B961002286C4 /* Assets.xcassets in Resources */,
			);
			runOnlyForDeploymentPostprocessing = 0;
		};
/* End PBXResourcesBuildPhase section */

/* Begin PBXSourcesBuildPhase section */
		BD45B1EE29F1B95F002286C4 /* Sources */ = {
			isa = PBXSourcesBuildPhase;
			buildActionMask = 2147483647;
			files = (
				BD45B22329F1C698002286C4 /* NavigationController.swift in Sources */,
				BD45B21229F1C198002286C4 /* NewsAPIViewModel.swift in Sources */,
				BD45B21A29F1C40E002286C4 /* ArticleCellView.swift in Sources */,
				BD45B1F829F1B95F002286C4 /* ContentView.swift in Sources */,
				BD45B20D29F1C067002286C4 /* LicensesScreen.swift in Sources */,
				BD45B1F629F1B95F002286C4 /* OTUS_HW04_APIApp.swift in Sources */,
				BD45B21029F1C131002286C4 /* NewsListScreen.swift in Sources */,
				BD45B20B29F1C02D002286C4 /* AboutScreen.swift in Sources */,
				BD45B21D29F1C4E3002286C4 /* Collection.swift in Sources */,
				BD45B22529F1C6DB002286C4 /* ArticleMetaData.swift in Sources */,
				BD45B22129F1C642002286C4 /* ArticleDetailView.swift in Sources */,
				BD45B21F29F1C527002286C4 /* Article+Identifiable.swift in Sources */,
				BD45B22B29F1C800002286C4 /* MetaWeatherViewModel.swift in Sources */,
				BD45B22729F1C752002286C4 /* Router.swift in Sources */,
			);
			runOnlyForDeploymentPostprocessing = 0;
		};
/* End PBXSourcesBuildPhase section */

/* Begin XCBuildConfiguration section */
		BD45B1FE29F1B961002286C4 /* Debug */ = {
			isa = XCBuildConfiguration;
			buildSettings = {
				ALWAYS_SEARCH_USER_PATHS = NO;
				CLANG_ANALYZER_NONNULL = YES;
				CLANG_ANALYZER_NUMBER_OBJECT_CONVERSION = YES_AGGRESSIVE;
				CLANG_CXX_LANGUAGE_STANDARD = "gnu++20";
				CLANG_ENABLE_MODULES = YES;
				CLANG_ENABLE_OBJC_ARC = YES;
				CLANG_ENABLE_OBJC_WEAK = YES;
				CLANG_WARN_BLOCK_CAPTURE_AUTORELEASING = YES;
				CLANG_WARN_BOOL_CONVERSION = YES;
				CLANG_WARN_COMMA = YES;
				CLANG_WARN_CONSTANT_CONVERSION = YES;
				CLANG_WARN_DEPRECATED_OBJC_IMPLEMENTATIONS = YES;
				CLANG_WARN_DIRECT_OBJC_ISA_USAGE = YES_ERROR;
				CLANG_WARN_DOCUMENTATION_COMMENTS = YES;
				CLANG_WARN_EMPTY_BODY = YES;
				CLANG_WARN_ENUM_CONVERSION = YES;
				CLANG_WARN_INFINITE_RECURSION = YES;
				CLANG_WARN_INT_CONVERSION = YES;
				CLANG_WARN_NON_LITERAL_NULL_CONVERSION = YES;
				CLANG_WARN_OBJC_IMPLICIT_RETAIN_SELF = YES;
				CLANG_WARN_OBJC_LITERAL_CONVERSION = YES;
				CLANG_WARN_OBJC_ROOT_CLASS = YES_ERROR;
				CLANG_WARN_QUOTED_INCLUDE_IN_FRAMEWORK_HEADER = YES;
				CLANG_WARN_RANGE_LOOP_ANALYSIS = YES;
				CLANG_WARN_STRICT_PROTOTYPES = YES;
				CLANG_WARN_SUSPICIOUS_MOVE = YES;
				CLANG_WARN_UNGUARDED_AVAILABILITY = YES_AGGRESSIVE;
				CLANG_WARN_UNREACHABLE_CODE = YES;
				CLANG_WARN__DUPLICATE_METHOD_MATCH = YES;
				COPY_PHASE_STRIP = NO;
				DEBUG_INFORMATION_FORMAT = dwarf;
				ENABLE_STRICT_OBJC_MSGSEND = YES;
				ENABLE_TESTABILITY = YES;
				GCC_C_LANGUAGE_STANDARD = gnu11;
				GCC_DYNAMIC_NO_PIC = NO;
				GCC_NO_COMMON_BLOCKS = YES;
				GCC_OPTIMIZATION_LEVEL = 0;
				GCC_PREPROCESSOR_DEFINITIONS = (
					"DEBUG=1",
					"$(inherited)",
				);
				GCC_WARN_64_TO_32_BIT_CONVERSION = YES;
				GCC_WARN_ABOUT_RETURN_TYPE = YES_ERROR;
				GCC_WARN_UNDECLARED_SELECTOR = YES;
				GCC_WARN_UNINITIALIZED_AUTOS = YES_AGGRESSIVE;
				GCC_WARN_UNUSED_FUNCTION = YES;
				GCC_WARN_UNUSED_VARIABLE = YES;
				IPHONEOS_DEPLOYMENT_TARGET = 16.0;
				MTL_ENABLE_DEBUG_INFO = INCLUDE_SOURCE;
				MTL_FAST_MATH = YES;
				ONLY_ACTIVE_ARCH = YES;
				SDKROOT = iphoneos;
				SWIFT_ACTIVE_COMPILATION_CONDITIONS = DEBUG;
				SWIFT_OPTIMIZATION_LEVEL = "-Onone";
			};
			name = Debug;
		};
		BD45B1FF29F1B961002286C4 /* Release */ = {
			isa = XCBuildConfiguration;
			buildSettings = {
				ALWAYS_SEARCH_USER_PATHS = NO;
				CLANG_ANALYZER_NONNULL = YES;
				CLANG_ANALYZER_NUMBER_OBJECT_CONVERSION = YES_AGGRESSIVE;
				CLANG_CXX_LANGUAGE_STANDARD = "gnu++20";
				CLANG_ENABLE_MODULES = YES;
				CLANG_ENABLE_OBJC_ARC = YES;
				CLANG_ENABLE_OBJC_WEAK = YES;
				CLANG_WARN_BLOCK_CAPTURE_AUTORELEASING = YES;
				CLANG_WARN_BOOL_CONVERSION = YES;
				CLANG_WARN_COMMA = YES;
				CLANG_WARN_CONSTANT_CONVERSION = YES;
				CLANG_WARN_DEPRECATED_OBJC_IMPLEMENTATIONS = YES;
				CLANG_WARN_DIRECT_OBJC_ISA_USAGE = YES_ERROR;
				CLANG_WARN_DOCUMENTATION_COMMENTS = YES;
				CLANG_WARN_EMPTY_BODY = YES;
				CLANG_WARN_ENUM_CONVERSION = YES;
				CLANG_WARN_INFINITE_RECURSION = YES;
				CLANG_WARN_INT_CONVERSION = YES;
				CLANG_WARN_NON_LITERAL_NULL_CONVERSION = YES;
				CLANG_WARN_OBJC_IMPLICIT_RETAIN_SELF = YES;
				CLANG_WARN_OBJC_LITERAL_CONVERSION = YES;
				CLANG_WARN_OBJC_ROOT_CLASS = YES_ERROR;
				CLANG_WARN_QUOTED_INCLUDE_IN_FRAMEWORK_HEADER = YES;
				CLANG_WARN_RANGE_LOOP_ANALYSIS = YES;
				CLANG_WARN_STRICT_PROTOTYPES = YES;
				CLANG_WARN_SUSPICIOUS_MOVE = YES;
				CLANG_WARN_UNGUARDED_AVAILABILITY = YES_AGGRESSIVE;
				CLANG_WARN_UNREACHABLE_CODE = YES;
				CLANG_WARN__DUPLICATE_METHOD_MATCH = YES;
				COPY_PHASE_STRIP = NO;
				DEBUG_INFORMATION_FORMAT = "dwarf-with-dsym";
				ENABLE_NS_ASSERTIONS = NO;
				ENABLE_STRICT_OBJC_MSGSEND = YES;
				GCC_C_LANGUAGE_STANDARD = gnu11;
				GCC_NO_COMMON_BLOCKS = YES;
				GCC_WARN_64_TO_32_BIT_CONVERSION = YES;
				GCC_WARN_ABOUT_RETURN_TYPE = YES_ERROR;
				GCC_WARN_UNDECLARED_SELECTOR = YES;
				GCC_WARN_UNINITIALIZED_AUTOS = YES_AGGRESSIVE;
				GCC_WARN_UNUSED_FUNCTION = YES;
				GCC_WARN_UNUSED_VARIABLE = YES;
				IPHONEOS_DEPLOYMENT_TARGET = 16.0;
				MTL_ENABLE_DEBUG_INFO = NO;
				MTL_FAST_MATH = YES;
				SDKROOT = iphoneos;
				SWIFT_COMPILATION_MODE = wholemodule;
				SWIFT_OPTIMIZATION_LEVEL = "-O";
				VALIDATE_PRODUCT = YES;
			};
			name = Release;
		};
		BD45B20129F1B961002286C4 /* Debug */ = {
			isa = XCBuildConfiguration;
			buildSettings = {
				ASSETCATALOG_COMPILER_APPICON_NAME = AppIcon;
				ASSETCATALOG_COMPILER_GLOBAL_ACCENT_COLOR_NAME = AccentColor;
				CODE_SIGN_STYLE = Automatic;
				CURRENT_PROJECT_VERSION = 1;
				DEVELOPMENT_ASSET_PATHS = "\"OTUS HW04 API/Preview Content\"";
				DEVELOPMENT_TEAM = 2H2TF9RPVD;
				ENABLE_PREVIEWS = YES;
				GENERATE_INFOPLIST_FILE = YES;
				INFOPLIST_KEY_UIApplicationSceneManifest_Generation = YES;
				INFOPLIST_KEY_UIApplicationSupportsIndirectInputEvents = YES;
				INFOPLIST_KEY_UILaunchScreen_Generation = YES;
				INFOPLIST_KEY_UISupportedInterfaceOrientations_iPad = "UIInterfaceOrientationPortrait UIInterfaceOrientationPortraitUpsideDown UIInterfaceOrientationLandscapeLeft UIInterfaceOrientationLandscapeRight";
				INFOPLIST_KEY_UISupportedInterfaceOrientations_iPhone = "UIInterfaceOrientationPortrait UIInterfaceOrientationLandscapeLeft UIInterfaceOrientationLandscapeRight";
				LD_RUNPATH_SEARCH_PATHS = (
					"$(inherited)",
					"@executable_path/Frameworks",
				);
				MARKETING_VERSION = 1.0;
				PRODUCT_BUNDLE_IDENTIFIER = "com.kasianov.OTUS-HW04-API";
				PRODUCT_NAME = "$(TARGET_NAME)";
				SWIFT_EMIT_LOC_STRINGS = YES;
				SWIFT_VERSION = 5.0;
				TARGETED_DEVICE_FAMILY = "1,2";
			};
			name = Debug;
		};
		BD45B20229F1B961002286C4 /* Release */ = {
			isa = XCBuildConfiguration;
			buildSettings = {
				ASSETCATALOG_COMPILER_APPICON_NAME = AppIcon;
				ASSETCATALOG_COMPILER_GLOBAL_ACCENT_COLOR_NAME = AccentColor;
				CODE_SIGN_STYLE = Automatic;
				CURRENT_PROJECT_VERSION = 1;
				DEVELOPMENT_ASSET_PATHS = "\"OTUS HW04 API/Preview Content\"";
				DEVELOPMENT_TEAM = 2H2TF9RPVD;
				ENABLE_PREVIEWS = YES;
				GENERATE_INFOPLIST_FILE = YES;
				INFOPLIST_KEY_UIApplicationSceneManifest_Generation = YES;
				INFOPLIST_KEY_UIApplicationSupportsIndirectInputEvents = YES;
				INFOPLIST_KEY_UILaunchScreen_Generation = YES;
				INFOPLIST_KEY_UISupportedInterfaceOrientations_iPad = "UIInterfaceOrientationPortrait UIInterfaceOrientationPortraitUpsideDown UIInterfaceOrientationLandscapeLeft UIInterfaceOrientationLandscapeRight";
				INFOPLIST_KEY_UISupportedInterfaceOrientations_iPhone = "UIInterfaceOrientationPortrait UIInterfaceOrientationLandscapeLeft UIInterfaceOrientationLandscapeRight";
				LD_RUNPATH_SEARCH_PATHS = (
					"$(inherited)",
					"@executable_path/Frameworks",
				);
				MARKETING_VERSION = 1.0;
				PRODUCT_BUNDLE_IDENTIFIER = "com.kasianov.OTUS-HW04-API";
				PRODUCT_NAME = "$(TARGET_NAME)";
				SWIFT_EMIT_LOC_STRINGS = YES;
				SWIFT_VERSION = 5.0;
				TARGETED_DEVICE_FAMILY = "1,2";
			};
			name = Release;
		};
/* End XCBuildConfiguration section */

/* Begin XCConfigurationList section */
		BD45B1ED29F1B95F002286C4 /* Build configuration list for PBXProject "OTUS HW04 API" */ = {
			isa = XCConfigurationList;
			buildConfigurations = (
				BD45B1FE29F1B961002286C4 /* Debug */,
				BD45B1FF29F1B961002286C4 /* Release */,
			);
			defaultConfigurationIsVisible = 0;
			defaultConfigurationName = Release;
		};
		BD45B20029F1B961002286C4 /* Build configuration list for PBXNativeTarget "OTUS HW04 API" */ = {
			isa = XCConfigurationList;
			buildConfigurations = (
				BD45B20129F1B961002286C4 /* Debug */,
				BD45B20229F1B961002286C4 /* Release */,
			);
			defaultConfigurationIsVisible = 0;
			defaultConfigurationName = Release;
		};
/* End XCConfigurationList section */

/* Begin XCSwiftPackageProductDependency section */
		BD45B21729F1C397002286C4 /* NewsAPI */ = {
			isa = XCSwiftPackageProductDependency;
			productName = NewsAPI;
		};
/* End XCSwiftPackageProductDependency section */
	};
	rootObject = BD45B1EA29F1B95F002286C4 /* Project object */;
}
